
Microsoft Visual Studio Solution File, Format Version 12.00
# Visual Studio Version 17
VisualStudioVersion = 17.3.32929.385
MinimumVisualStudioVersion = 10.0.40219.1
Project("{FAE04EC0-301F-11D3-BF4B-00C04F79EFBC}") = "FootballLeagueManagement", "FootballLeagueManagement.csproj", "{54613271-DAB1-4E06-93B4-E6B3EB34376C}"
EndProject
Global
	GlobalSection(SolutionConfigurationPlatforms) = preSolution
		Debug|Any CPU = Debug|Any CPU
		Release|Any CPU = Release|Any CPU
	EndGlobalSection
	GlobalSection(ProjectConfigurationPlatforms) = postSolution
		{54613271-DAB1-4E06-93B4-E6B3EB34376C}.Debug|Any CPU.ActiveCfg = Debug|Any CPU
		{54613271-DAB1-4E06-93B4-E6B3EB34376C}.Debug|Any CPU.Build.0 = Debug|Any CPU
		{54613271-DAB1-4E06-93B4-E6B3EB34376C}.Release|Any CPU.ActiveCfg = Release|Any CPU
		{54613271-DAB1-4E06-93B4-E6B3EB34376C}.Release|Any CPU.Build.0 = Release|Any CPU
	EndGlobalSection
	GlobalSection(SolutionProperties) = preSolution
		HideSolutionNode = FALSE
	EndGlobalSection
	GlobalSection(ExtensibilityGlobals) = postSolution
		SolutionGuid = {88088FE6-7C0E-4EE3-929D-F9DC4EEB0F59}
	EndGlobalSection
EndGlobal
